
Microsoft Visual Studio Solution File, Format Version 12.00
# Visual Studio 2013
VisualStudioVersion = 12.0.31101.0
MinimumVisualStudioVersion = 10.0.40219.1
Project("{FAE04EC0-301F-11D3-BF4B-00C04F79EFBC}") = "VariousLearning", "VariousLearning\VariousLearning.csproj", "{39C22EDC-A4E6-423E-8EBC-7003D0FB7EB0}"
EndProject
Global
	GlobalSection(SolutionConfigurationPlatforms) = preSolution
		Debug|Any CPU = Debug|Any CPU
		Release|Any CPU = Release|Any CPU
	EndGlobalSection
	GlobalSection(ProjectConfigurationPlatforms) = postSolution
		{39C22EDC-A4E6-423E-8EBC-7003D0FB7EB0}.Debug|Any CPU.ActiveCfg = Debug|Any CPU
		{39C22EDC-A4E6-423E-8EBC-7003D0FB7EB0}.Debug|Any CPU.Build.0 = Debug|Any CPU
		{39C22EDC-A4E6-423E-8EBC-7003D0FB7EB0}.Release|Any CPU.ActiveCfg = Release|Any CPU
		{39C22EDC-A4E6-423E-8EBC-7003D0FB7EB0}.Release|Any CPU.Build.0 = Release|Any CPU
	EndGlobalSection
	GlobalSection(SolutionProperties) = preSolution
		HideSolutionNode = FALSE
	EndGlobalSection
EndGlobal
